
Microsoft Visual Studio Solution File, Format Version 12.00
# Visual Studio Version 17
VisualStudioVersion = 17.10.35122.118
MinimumVisualStudioVersion = 10.0.40219.1
Project("{FAE04EC0-301F-11D3-BF4B-00C04F79EFBC}") = "Demo.PL", "Demo.PL\Demo.PL.csproj", "{2B024CD1-1DB4-423A-AE9C-F414BC1ED28A}"
EndProject
Project("{FAE04EC0-301F-11D3-BF4B-00C04F79EFBC}") = "Demo.DAL", "Demo.DAL\Demo.DAL.csproj", "{26993736-4BD8-424A-9460-FF72F4FF32C3}"
EndProject
Project("{FAE04EC0-301F-11D3-BF4B-00C04F79EFBC}") = "Demo.BLL", "Demo.BLL\Demo.BLL.csproj", "{48654AA2-C814-4461-898E-58BC13B83001}"
EndProject
Global
	GlobalSection(SolutionConfigurationPlatforms) = preSolution
		Debug|Any CPU = Debug|Any CPU
		Release|Any CPU = Release|Any CPU
	EndGlobalSection
	GlobalSection(ProjectConfigurationPlatforms) = postSolution
		{2B024CD1-1DB4-423A-AE9C-F414BC1ED28A}.Debug|Any CPU.ActiveCfg = Debug|Any CPU
		{2B024CD1-1DB4-423A-AE9C-F414BC1ED28A}.Debug|Any CPU.Build.0 = Debug|Any CPU
		{2B024CD1-1DB4-423A-AE9C-F414BC1ED28A}.Release|Any CPU.ActiveCfg = Release|Any CPU
		{2B024CD1-1DB4-423A-AE9C-F414BC1ED28A}.Release|Any CPU.Build.0 = Release|Any CPU
		{26993736-4BD8-424A-9460-FF72F4FF32C3}.Debug|Any CPU.ActiveCfg = Debug|Any CPU
		{26993736-4BD8-424A-9460-FF72F4FF32C3}.Debug|Any CPU.Build.0 = Debug|Any CPU
		{26993736-4BD8-424A-9460-FF72F4FF32C3}.Release|Any CPU.ActiveCfg = Release|Any CPU
		{26993736-4BD8-424A-9460-FF72F4FF32C3}.Release|Any CPU.Build.0 = Release|Any CPU
		{48654AA2-C814-4461-898E-58BC13B83001}.Debug|Any CPU.ActiveCfg = Debug|Any CPU
		{48654AA2-C814-4461-898E-58BC13B83001}.Debug|Any CPU.Build.0 = Debug|Any CPU
		{48654AA2-C814-4461-898E-58BC13B83001}.Release|Any CPU.ActiveCfg = Release|Any CPU
		{48654AA2-C814-4461-898E-58BC13B83001}.Release|Any CPU.Build.0 = Release|Any CPU
	EndGlobalSection
	GlobalSection(SolutionProperties) = preSolution
		HideSolutionNode = FALSE
	EndGlobalSection
	GlobalSection(ExtensibilityGlobals) = postSolution
		SolutionGuid = {233DDC0E-DBE9-407E-8716-85D70B55BCD2}
	EndGlobalSection
EndGlobal
